// !$*UTF8*$!
{
	archiveVersion = 1;
	classes = {
	};
	objectVersion = 50;
	objects = {

/* Begin PBXBuildFile section */
		E79DD58E22174D300009DFB9 /* AppDelegate.swift in Sources */ = {isa = PBXBuildFile; fileRef = E79DD58D22174D300009DFB9 /* AppDelegate.swift */; };
		E79DD59022174D300009DFB9 /* ViewController.swift in Sources */ = {isa = PBXBuildFile; fileRef = E79DD58F22174D300009DFB9 /* ViewController.swift */; };
		E79DD59322174D300009DFB9 /* Main.storyboard in Resources */ = {isa = PBXBuildFile; fileRef = E79DD59122174D300009DFB9 /* Main.storyboard */; };
		E79DD59522174D310009DFB9 /* Assets.xcassets in Resources */ = {isa = PBXBuildFile; fileRef = E79DD59422174D310009DFB9 /* Assets.xcassets */; };
		E79DD59822174D310009DFB9 /* LaunchScreen.storyboard in Resources */ = {isa = PBXBuildFile; fileRef = E79DD59622174D310009DFB9 /* LaunchScreen.storyboard */; };
		E79DD5A322174D310009DFB9 /* QuotesTests.swift in Sources */ = {isa = PBXBuildFile; fileRef = E79DD5A222174D310009DFB9 /* QuotesTests.swift */; };
		E79DD5AE22174D310009DFB9 /* QuotesUITests.swift in Sources */ = {isa = PBXBuildFile; fileRef = E79DD5AD22174D310009DFB9 /* QuotesUITests.swift */; };
		E79DD5BC22174E5B0009DFB9 /* Quote.swift in Sources */ = {isa = PBXBuildFile; fileRef = E79DD5BB22174E5B0009DFB9 /* Quote.swift */; };
		E79DD5BE22174E650009DFB9 /* QuoteDelegate.swift in Sources */ = {isa = PBXBuildFile; fileRef = E79DD5BD22174E650009DFB9 /* QuoteDelegate.swift */; };
		E79DD5C022174E710009DFB9 /* QuoteFetcher.swift in Sources */ = {isa = PBXBuildFile; fileRef = E79DD5BF22174E710009DFB9 /* QuoteFetcher.swift */; };
/* End PBXBuildFile section */

/* Begin PBXContainerItemProxy section */
		E79DD59F22174D310009DFB9 /* PBXContainerItemProxy */ = {
			isa = PBXContainerItemProxy;
			containerPortal = E79DD58222174D300009DFB9 /* Project object */;
			proxyType = 1;
			remoteGlobalIDString = E79DD58922174D300009DFB9;
			remoteInfo = Quotes;
		};
		E79DD5AA22174D310009DFB9 /* PBXContainerItemProxy */ = {
			isa = PBXContainerItemProxy;
			containerPortal = E79DD58222174D300009DFB9 /* Project object */;
			proxyType = 1;
			remoteGlobalIDString = E79DD58922174D300009DFB9;
			remoteInfo = Quotes;
		};
/* End PBXContainerItemProxy section */

/* Begin PBXFileReference section */
		E79DD58A22174D300009DFB9 /* Quotes.app */ = {isa = PBXFileReference; explicitFileType = wrapper.application; includeInIndex = 0; path = Quotes.app; sourceTree = BUILT_PRODUCTS_DIR; };
		E79DD58D22174D300009DFB9 /* AppDelegate.swift */ = {isa = PBXFileReference; lastKnownFileType = sourcecode.swift; path = AppDelegate.swift; sourceTree = "<group>"; };
		E79DD58F22174D300009DFB9 /* ViewController.swift */ = {isa = PBXFileReference; lastKnownFileType = sourcecode.swift; path = ViewController.swift; sourceTree = "<group>"; };
		E79DD59222174D300009DFB9 /* Base */ = {isa = PBXFileReference; lastKnownFileType = file.storyboard; name = Base; path = Base.lproj/Main.storyboard; sourceTree = "<group>"; };
		E79DD59422174D310009DFB9 /* Assets.xcassets */ = {isa = PBXFileReference; lastKnownFileType = folder.assetcatalog; path = Assets.xcassets; sourceTree = "<group>"; };
		E79DD59722174D310009DFB9 /* Base */ = {isa = PBXFileReference; lastKnownFileType = file.storyboard; name = Base; path = Base.lproj/LaunchScreen.storyboard; sourceTree = "<group>"; };
		E79DD59922174D310009DFB9 /* Info.plist */ = {isa = PBXFileReference; lastKnownFileType = text.plist.xml; path = Info.plist; sourceTree = "<group>"; };
		E79DD59E22174D310009DFB9 /* QuotesTests.xctest */ = {isa = PBXFileReference; explicitFileType = wrapper.cfbundle; includeInIndex = 0; path = QuotesTests.xctest; sourceTree = BUILT_PRODUCTS_DIR; };
		E79DD5A222174D310009DFB9 /* QuotesTests.swift */ = {isa = PBXFileReference; lastKnownFileType = sourcecode.swift; path = QuotesTests.swift; sourceTree = "<group>"; };
		E79DD5A422174D310009DFB9 /* Info.plist */ = {isa = PBXFileReference; lastKnownFileType = text.plist.xml; path = Info.plist; sourceTree = "<group>"; };
		E79DD5A922174D310009DFB9 /* QuotesUITests.xctest */ = {isa = PBXFileReference; explicitFileType = wrapper.cfbundle; includeInIndex = 0; path = QuotesUITests.xctest; sourceTree = BUILT_PRODUCTS_DIR; };
		E79DD5AD22174D310009DFB9 /* QuotesUITests.swift */ = {isa = PBXFileReference; lastKnownFileType = sourcecode.swift; path = QuotesUITests.swift; sourceTree = "<group>"; };
		E79DD5AF22174D310009DFB9 /* Info.plist */ = {isa = PBXFileReference; lastKnownFileType = text.plist.xml; path = Info.plist; sourceTree = "<group>"; };
		E79DD5BB22174E5B0009DFB9 /* Quote.swift */ = {isa = PBXFileReference; lastKnownFileType = sourcecode.swift; path = Quote.swift; sourceTree = "<group>"; };
		E79DD5BD22174E650009DFB9 /* QuoteDelegate.swift */ = {isa = PBXFileReference; lastKnownFileType = sourcecode.swift; path = QuoteDelegate.swift; sourceTree = "<group>"; };
		E79DD5BF22174E710009DFB9 /* QuoteFetcher.swift */ = {isa = PBXFileReference; lastKnownFileType = sourcecode.swift; path = QuoteFetcher.swift; sourceTree = "<group>"; };
/* End PBXFileReference section */

/* Begin PBXFrameworksBuildPhase section */
		E79DD58722174D300009DFB9 /* Frameworks */ = {
			isa = PBXFrameworksBuildPhase;
			buildActionMask = 2147483647;
			files = (
			);
			runOnlyForDeploymentPostprocessing = 0;
		};
		E79DD59B22174D310009DFB9 /* Frameworks */ = {
			isa = PBXFrameworksBuildPhase;
			buildActionMask = 2147483647;
			files = (
			);
			runOnlyForDeploymentPostprocessing = 0;
		};
		E79DD5A622174D310009DFB9 /* Frameworks */ = {
			isa = PBXFrameworksBuildPhase;
			buildActionMask = 2147483647;
			files = (
			);
			runOnlyForDeploymentPostprocessing = 0;
		};
/* End PBXFrameworksBuildPhase section */

/* Begin PBXGroup section */
		E79DD58122174D300009DFB9 = {
			isa = PBXGroup;
			children = (
				E79DD58C22174D300009DFB9 /* Quotes */,
				E79DD5A122174D310009DFB9 /* QuotesTests */,
				E79DD5AC22174D310009DFB9 /* QuotesUITests */,
			);
			sourceTree = "<group>";
		};
		E79DD58B22174D300009DFB9 /* Products */ = {
			isa = PBXGroup;
			children = (
				E79DD58A22174D300009DFB9 /* Quotes.app */,
				E79DD59E22174D310009DFB9 /* QuotesTests.xctest */,
				E79DD5A922174D310009DFB9 /* QuotesUITests.xctest */,
			);
			name = Products;
			path = ..;
			sourceTree = "<group>";
		};
		E79DD58C22174D300009DFB9 /* Quotes */ = {
			isa = PBXGroup;
			children = (
				E79DD58D22174D300009DFB9 /* AppDelegate.swift */,
				E79DD58F22174D300009DFB9 /* ViewController.swift */,
				E79DD59122174D300009DFB9 /* Main.storyboard */,
				E79DD59422174D310009DFB9 /* Assets.xcassets */,
				E79DD59622174D310009DFB9 /* LaunchScreen.storyboard */,
				E79DD59922174D310009DFB9 /* Info.plist */,
				E79DD5BB22174E5B0009DFB9 /* Quote.swift */,
				E79DD5BD22174E650009DFB9 /* QuoteDelegate.swift */,
				E79DD5BF22174E710009DFB9 /* QuoteFetcher.swift */,
			);
			path = Quotes;
			sourceTree = "<group>";
		};
		E79DD5A122174D310009DFB9 /* QuotesTests */ = {
			isa = PBXGroup;
			children = (
				E79DD5A222174D310009DFB9 /* QuotesTests.swift */,
				E79DD5A422174D310009DFB9 /* Info.plist */,
			);
			path = QuotesTests;
			sourceTree = "<group>";
		};
		E79DD5AC22174D310009DFB9 /* QuotesUITests */ = {
			isa = PBXGroup;
			children = (
				E79DD5AD22174D310009DFB9 /* QuotesUITests.swift */,
				E79DD58B22174D300009DFB9 /* Products */,
				E79DD5AF22174D310009DFB9 /* Info.plist */,
			);
			path = QuotesUITests;
			sourceTree = "<group>";
		};
/* End PBXGroup section */

/* Begin PBXNativeTarget section */
		E79DD58922174D300009DFB9 /* Quotes */ = {
			isa = PBXNativeTarget;
			buildConfigurationList = E79DD5B222174D310009DFB9 /* Build configuration list for PBXNativeTarget "Quotes" */;
			buildPhases = (
				E79DD58622174D300009DFB9 /* Sources */,
				E79DD58722174D300009DFB9 /* Frameworks */,
				E79DD58822174D300009DFB9 /* Resources */,
			);
			buildRules = (
			);
			dependencies = (
			);
			name = Quotes;
			productName = Quotes;
			productReference = E79DD58A22174D300009DFB9 /* Quotes.app */;
			productType = "com.apple.product-type.application";
		};
		E79DD59D22174D310009DFB9 /* QuotesTests */ = {
			isa = PBXNativeTarget;
			buildConfigurationList = E79DD5B522174D310009DFB9 /* Build configuration list for PBXNativeTarget "QuotesTests" */;
			buildPhases = (
				E79DD59A22174D310009DFB9 /* Sources */,
				E79DD59B22174D310009DFB9 /* Frameworks */,
				E79DD59C22174D310009DFB9 /* Resources */,
			);
			buildRules = (
			);
			dependencies = (
				E79DD5A022174D310009DFB9 /* PBXTargetDependency */,
			);
			name = QuotesTests;
			productName = QuotesTests;
			productReference = E79DD59E22174D310009DFB9 /* QuotesTests.xctest */;
			productType = "com.apple.product-type.bundle.unit-test";
		};
		E79DD5A822174D310009DFB9 /* QuotesUITests */ = {
			isa = PBXNativeTarget;
			buildConfigurationList = E79DD5B822174D310009DFB9 /* Build configuration list for PBXNativeTarget "QuotesUITests" */;
			buildPhases = (
				E79DD5A522174D310009DFB9 /* Sources */,
				E79DD5A622174D310009DFB9 /* Frameworks */,
				E79DD5A722174D310009DFB9 /* Resources */,
			);
			buildRules = (
			);
			dependencies = (
				E79DD5AB22174D310009DFB9 /* PBXTargetDependency */,
			);
			name = QuotesUITests;
			productName = QuotesUITests;
			productReference = E79DD5A922174D310009DFB9 /* QuotesUITests.xctest */;
			productType = "com.apple.product-type.bundle.ui-testing";
		};
/* End PBXNativeTarget section */

/* Begin PBXProject section */
		E79DD58222174D300009DFB9 /* Project object */ = {
			isa = PBXProject;
			attributes = {
				LastSwiftUpdateCheck = 1010;
				LastUpgradeCheck = 1010;
				ORGANIZATIONNAME = clara;
				TargetAttributes = {
					E79DD58922174D300009DFB9 = {
						CreatedOnToolsVersion = 10.1;
					};
					E79DD59D22174D310009DFB9 = {
						CreatedOnToolsVersion = 10.1;
						TestTargetID = E79DD58922174D300009DFB9;
					};
					E79DD5A822174D310009DFB9 = {
						CreatedOnToolsVersion = 10.1;
						TestTargetID = E79DD58922174D300009DFB9;
					};
				};
			};
			buildConfigurationList = E79DD58522174D300009DFB9 /* Build configuration list for PBXProject "Quotes" */;
			compatibilityVersion = "Xcode 9.3";
			developmentRegion = en;
			hasScannedForEncodings = 0;
			knownRegions = (
				en,
				Base,
			);
			mainGroup = E79DD58122174D300009DFB9;
			productRefGroup = E79DD58B22174D300009DFB9 /* Products */;
			projectDirPath = "";
			projectRoot = "";
			targets = (
				E79DD58922174D300009DFB9 /* Quotes */,
				E79DD59D22174D310009DFB9 /* QuotesTests */,
				E79DD5A822174D310009DFB9 /* QuotesUITests */,
			);
		};
/* End PBXProject section */

/* Begin PBXResourcesBuildPhase section */
		E79DD58822174D300009DFB9 /* Resources */ = {
			isa = PBXResourcesBuildPhase;
			buildActionMask = 2147483647;
			files = (
				E79DD59822174D310009DFB9 /* LaunchScreen.storyboard in Resources */,
				E79DD59522174D310009DFB9 /* Assets.xcassets in Resources */,
				E79DD59322174D300009DFB9 /* Main.storyboard in Resources */,
			);
			runOnlyForDeploymentPostprocessing = 0;
		};
		E79DD59C22174D310009DFB9 /* Resources */ = {
			isa = PBXResourcesBuildPhase;
			buildActionMask = 2147483647;
			files = (
			);
			runOnlyForDeploymentPostprocessing = 0;
		};
		E79DD5A722174D310009DFB9 /* Resources */ = {
			isa = PBXResourcesBuildPhase;
			buildActionMask = 2147483647;
			files = (
			);
			runOnlyForDeploymentPostprocessing = 0;
		};
/* End PBXResourcesBuildPhase section */

/* Begin PBXSourcesBuildPhase section */
		E79DD58622174D300009DFB9 /* Sources */ = {
			isa = PBXSourcesBuildPhase;
			buildActionMask = 2147483647;
			files = (
				E79DD5BE22174E650009DFB9 /* QuoteDelegate.swift in Sources */,
				E79DD59022174D300009DFB9 /* ViewController.swift in Sources */,
				E79DD5C022174E710009DFB9 /* QuoteFetcher.swift in Sources */,
				E79DD5BC22174E5B0009DFB9 /* Quote.swift in Sources */,
				E79DD58E22174D300009DFB9 /* AppDelegate.swift in Sources */,
			);
			runOnlyForDeploymentPostprocessing = 0;
		};
		E79DD59A22174D310009DFB9 /* Sources */ = {
			isa = PBXSourcesBuildPhase;
			buildActionMask = 2147483647;
			files = (
				E79DD5A322174D310009DFB9 /* QuotesTests.swift in Sources */,
			);
			runOnlyForDeploymentPostprocessing = 0;
		};
		E79DD5A522174D310009DFB9 /* Sources */ = {
			isa = PBXSourcesBuildPhase;
			buildActionMask = 2147483647;
			files = (
				E79DD5AE22174D310009DFB9 /* QuotesUITests.swift in Sources */,
			);
			runOnlyForDeploymentPostprocessing = 0;
		};
/* End PBXSourcesBuildPhase section */

/* Begin PBXTargetDependency section */
		E79DD5A022174D310009DFB9 /* PBXTargetDependency */ = {
			isa = PBXTargetDependency;
			target = E79DD58922174D300009DFB9 /* Quotes */;
			targetProxy = E79DD59F22174D310009DFB9 /* PBXContainerItemProxy */;
		};
		E79DD5AB22174D310009DFB9 /* PBXTargetDependency */ = {
			isa = PBXTargetDependency;
			target = E79DD58922174D300009DFB9 /* Quotes */;
			targetProxy = E79DD5AA22174D310009DFB9 /* PBXContainerItemProxy */;
		};
/* End PBXTargetDependency section */

/* Begin PBXVariantGroup section */
		E79DD59122174D300009DFB9 /* Main.storyboard */ = {
			isa = PBXVariantGroup;
			children = (
				E79DD59222174D300009DFB9 /* Base */,
			);
			name = Main.storyboard;
			sourceTree = "<group>";
		};
		E79DD59622174D310009DFB9 /* LaunchScreen.storyboard */ = {
			isa = PBXVariantGroup;
			children = (
				E79DD59722174D310009DFB9 /* Base */,
			);
			name = LaunchScreen.storyboard;
			sourceTree = "<group>";
		};
/* End PBXVariantGroup section */

/* Begin XCBuildConfiguration section */
		E79DD5B022174D310009DFB9 /* Debug */ = {
			isa = XCBuildConfiguration;
			buildSettings = {
				ALWAYS_SEARCH_USER_PATHS = NO;
				CLANG_ANALYZER_NONNULL = YES;
				CLANG_ANALYZER_NUMBER_OBJECT_CONVERSION = YES_AGGRESSIVE;
				CLANG_CXX_LANGUAGE_STANDARD = "gnu++14";
				CLANG_CXX_LIBRARY = "libc++";
				CLANG_ENABLE_MODULES = YES;
				CLANG_ENABLE_OBJC_ARC = YES;
				CLANG_ENABLE_OBJC_WEAK = YES;
				CLANG_WARN_BLOCK_CAPTURE_AUTORELEASING = YES;
				CLANG_WARN_BOOL_CONVERSION = YES;
				CLANG_WARN_COMMA = YES;
				CLANG_WARN_CONSTANT_CONVERSION = YES;
				CLANG_WARN_DEPRECATED_OBJC_IMPLEMENTATIONS = YES;
				CLANG_WARN_DIRECT_OBJC_ISA_USAGE = YES_ERROR;
				CLANG_WARN_DOCUMENTATION_COMMENTS = YES;
				CLANG_WARN_EMPTY_BODY = YES;
				CLANG_WARN_ENUM_CONVERSION = YES;
				CLANG_WARN_INFINITE_RECURSION = YES;
				CLANG_WARN_INT_CONVERSION = YES;
				CLANG_WARN_NON_LITERAL_NULL_CONVERSION = YES;
				CLANG_WARN_OBJC_IMPLICIT_RETAIN_SELF = YES;
				CLANG_WARN_OBJC_LITERAL_CONVERSION = YES;
				CLANG_WARN_OBJC_ROOT_CLASS = YES_ERROR;
				CLANG_WARN_RANGE_LOOP_ANALYSIS = YES;
				CLANG_WARN_STRICT_PROTOTYPES = YES;
				CLANG_WARN_SUSPICIOUS_MOVE = YES;
				CLANG_WARN_UNGUARDED_AVAILABILITY = YES_AGGRESSIVE;
				CLANG_WARN_UNREACHABLE_CODE = YES;
				CLANG_WARN__DUPLICATE_METHOD_MATCH = YES;
				CODE_SIGN_IDENTITY = "iPhone Developer";
				COPY_PHASE_STRIP = NO;
				DEBUG_INFORMATION_FORMAT = dwarf;
				ENABLE_STRICT_OBJC_MSGSEND = YES;
				ENABLE_TESTABILITY = YES;
				GCC_C_LANGUAGE_STANDARD = gnu11;
				GCC_DYNAMIC_NO_PIC = NO;
				GCC_NO_COMMON_BLOCKS = YES;
				GCC_OPTIMIZATION_LEVEL = 0;
				GCC_PREPROCESSOR_DEFINITIONS = (
					"DEBUG=1",
					"$(inherited)",
				);
				GCC_WARN_64_TO_32_BIT_CONVERSION = YES;
				GCC_WARN_ABOUT_RETURN_TYPE = YES_ERROR;
				GCC_WARN_UNDECLARED_SELECTOR = YES;
				GCC_WARN_UNINITIALIZED_AUTOS = YES_AGGRESSIVE;
				GCC_WARN_UNUSED_FUNCTION = YES;
				GCC_WARN_UNUSED_VARIABLE = YES;
				IPHONEOS_DEPLOYMENT_TARGET = 12.1;
				MTL_ENABLE_DEBUG_INFO = INCLUDE_SOURCE;
				MTL_FAST_MATH = YES;
				ONLY_ACTIVE_ARCH = YES;
				SDKROOT = iphoneos;
				SWIFT_ACTIVE_COMPILATION_CONDITIONS = DEBUG;
				SWIFT_OPTIMIZATION_LEVEL = "-Onone";
			};
			name = Debug;
		};
		E79DD5B122174D310009DFB9 /* Release */ = {
			isa = XCBuildConfiguration;
			buildSettings = {
				ALWAYS_SEARCH_USER_PATHS = NO;
				CLANG_ANALYZER_NONNULL = YES;
				CLANG_ANALYZER_NUMBER_OBJECT_CONVERSION = YES_AGGRESSIVE;
				CLANG_CXX_LANGUAGE_STANDARD = "gnu++14";
				CLANG_CXX_LIBRARY = "libc++";
				CLANG_ENABLE_MODULES = YES;
				CLANG_ENABLE_OBJC_ARC = YES;
				CLANG_ENABLE_OBJC_WEAK = YES;
				CLANG_WARN_BLOCK_CAPTURE_AUTORELEASING = YES;
				CLANG_WARN_BOOL_CONVERSION = YES;
				CLANG_WARN_COMMA = YES;
				CLANG_WARN_CONSTANT_CONVERSION = YES;
				CLANG_WARN_DEPRECATED_OBJC_IMPLEMENTATIONS = YES;
				CLANG_WARN_DIRECT_OBJC_ISA_USAGE = YES_ERROR;
				CLANG_WARN_DOCUMENTATION_COMMENTS = YES;
				CLANG_WARN_EMPTY_BODY = YES;
				CLANG_WARN_ENUM_CONVERSION = YES;
				CLANG_WARN_INFINITE_RECURSION = YES;
				CLANG_WARN_INT_CONVERSION = YES;
				CLANG_WARN_NON_LITERAL_NULL_CONVERSION = YES;
				CLANG_WARN_OBJC_IMPLICIT_RETAIN_SELF = YES;
				CLANG_WARN_OBJC_LITERAL_CONVERSION = YES;
				CLANG_WARN_OBJC_ROOT_CLASS = YES_ERROR;
				CLANG_WARN_RANGE_LOOP_ANALYSIS = YES;
				CLANG_WARN_STRICT_PROTOTYPES = YES;
				CLANG_WARN_SUSPICIOUS_MOVE = YES;
				CLANG_WARN_UNGUARDED_AVAILABILITY = YES_AGGRESSIVE;
				CLANG_WARN_UNREACHABLE_CODE = YES;
				CLANG_WARN__DUPLICATE_METHOD_MATCH = YES;
				CODE_SIGN_IDENTITY = "iPhone Developer";
				COPY_PHASE_STRIP = NO;
				DEBUG_INFORMATION_FORMAT = "dwarf-with-dsym";
				ENABLE_NS_ASSERTIONS = NO;
				ENABLE_STRICT_OBJC_MSGSEND = YES;
				GCC_C_LANGUAGE_STANDARD = gnu11;
				GCC_NO_COMMON_BLOCKS = YES;
				GCC_WARN_64_TO_32_BIT_CONVERSION = YES;
				GCC_WARN_ABOUT_RETURN_TYPE = YES_ERROR;
				GCC_WARN_UNDECLARED_SELECTOR = YES;
				GCC_WARN_UNINITIALIZED_AUTOS = YES_AGGRESSIVE;
				GCC_WARN_UNUSED_FUNCTION = YES;
				GCC_WARN_UNUSED_VARIABLE = YES;
				IPHONEOS_DEPLOYMENT_TARGET = 12.1;
				MTL_ENABLE_DEBUG_INFO = NO;
				MTL_FAST_MATH = YES;
				SDKROOT = iphoneos;
				SWIFT_COMPILATION_MODE = wholemodule;
				SWIFT_OPTIMIZATION_LEVEL = "-O";
				VALIDATE_PRODUCT = YES;
			};
			name = Release;
		};
		E79DD5B322174D310009DFB9 /* Debug */ = {
			isa = XCBuildConfiguration;
			buildSettings = {
				ASSETCATALOG_COMPILER_APPICON_NAME = AppIcon;
				CODE_SIGN_STYLE = Automatic;
				INFOPLIST_FILE = Quotes/Info.plist;
				LD_RUNPATH_SEARCH_PATHS = (
					"$(inherited)",
					"@executable_path/Frameworks",
				);
				PRODUCT_BUNDLE_IDENTIFIER = clara.Quotes;
				PRODUCT_NAME = "$(TARGET_NAME)";
				SWIFT_VERSION = 4.2;
				TARGETED_DEVICE_FAMILY = "1,2";
			};
			name = Debug;
		};
		E79DD5B422174D310009DFB9 /* Release */ = {
			isa = XCBuildConfiguration;
			buildSettings = {
				ASSETCATALOG_COMPILER_APPICON_NAME = AppIcon;
				CODE_SIGN_STYLE = Automatic;
				INFOPLIST_FILE = Quotes/Info.plist;
				LD_RUNPATH_SEARCH_PATHS = (
					"$(inherited)",
					"@executable_path/Frameworks",
				);
				PRODUCT_BUNDLE_IDENTIFIER = clara.Quotes;
				PRODUCT_NAME = "$(TARGET_NAME)";
				SWIFT_VERSION = 4.2;
				TARGETED_DEVICE_FAMILY = "1,2";
			};
			name = Release;
		};
		E79DD5B622174D310009DFB9 /* Debug */ = {
			isa = XCBuildConfiguration;
			buildSettings = {
				ALWAYS_EMBED_SWIFT_STANDARD_LIBRARIES = YES;
				BUNDLE_LOADER = "$(TEST_HOST)";
				CODE_SIGN_STYLE = Automatic;
				INFOPLIST_FILE = QuotesTests/Info.plist;
				LD_RUNPATH_SEARCH_PATHS = (
					"$(inherited)",
					"@executable_path/Frameworks",
					"@loader_path/Frameworks",
				);
				PRODUCT_BUNDLE_IDENTIFIER = clara.QuotesTests;
				PRODUCT_NAME = "$(TARGET_NAME)";
				SWIFT_VERSION = 4.2;
				TARGETED_DEVICE_FAMILY = "1,2";
				TEST_HOST = "$(BUILT_PRODUCTS_DIR)/Quotes.app/Quotes";
			};
			name = Debug;
		};
		E79DD5B722174D310009DFB9 /* Release */ = {
			isa = XCBuildConfiguration;
			buildSettings = {
				ALWAYS_EMBED_SWIFT_STANDARD_LIBRARIES = YES;
				BUNDLE_LOADER = "$(TEST_HOST)";
				CODE_SIGN_STYLE = Automatic;
				INFOPLIST_FILE = QuotesTests/Info.plist;
				LD_RUNPATH_SEARCH_PATHS = (
					"$(inherited)",
					"@executable_path/Frameworks",
					"@loader_path/Frameworks",
				);
				PRODUCT_BUNDLE_IDENTIFIER = clara.QuotesTests;
				PRODUCT_NAME = "$(TARGET_NAME)";
				SWIFT_VERSION = 4.2;
				TARGETED_DEVICE_FAMILY = "1,2";
				TEST_HOST = "$(BUILT_PRODUCTS_DIR)/Quotes.app/Quotes";
			};
			name = Release;
		};
		E79DD5B922174D310009DFB9 /* Debug */ = {
			isa = XCBuildConfiguration;
			buildSettings = {
				ALWAYS_EMBED_SWIFT_STANDARD_LIBRARIES = YES;
				CODE_SIGN_STYLE = Automatic;
				INFOPLIST_FILE = QuotesUITests/Info.plist;
				LD_RUNPATH_SEARCH_PATHS = (
					"$(inherited)",
					"@executable_path/Frameworks",
					"@loader_path/Frameworks",
				);
				PRODUCT_BUNDLE_IDENTIFIER = clara.QuotesUITests;
				PRODUCT_NAME = "$(TARGET_NAME)";
				SWIFT_VERSION = 4.2;
				TARGETED_DEVICE_FAMILY = "1,2";
				TEST_TARGET_NAME = Quotes;
			};
			name = Debug;
		};
		E79DD5BA22174D310009DFB9 /* Release */ = {
			isa = XCBuildConfiguration;
			buildSettings = {
				ALWAYS_EMBED_SWIFT_STANDARD_LIBRARIES = YES;
				CODE_SIGN_STYLE = Automatic;
				INFOPLIST_FILE = QuotesUITests/Info.plist;
				LD_RUNPATH_SEARCH_PATHS = (
					"$(inherited)",
					"@executable_path/Frameworks",
					"@loader_path/Frameworks",
				);
				PRODUCT_BUNDLE_IDENTIFIER = clara.QuotesUITests;
				PRODUCT_NAME = "$(TARGET_NAME)";
				SWIFT_VERSION = 4.2;
				TARGETED_DEVICE_FAMILY = "1,2";
				TEST_TARGET_NAME = Quotes;
			};
			name = Release;
		};
/* End XCBuildConfiguration section */

/* Begin XCConfigurationList section */
		E79DD58522174D300009DFB9 /* Build configuration list for PBXProject "Quotes" */ = {
			isa = XCConfigurationList;
			buildConfigurations = (
				E79DD5B022174D310009DFB9 /* Debug */,
				E79DD5B122174D310009DFB9 /* Release */,
			);
			defaultConfigurationIsVisible = 0;
			defaultConfigurationName = Release;
		};
		E79DD5B222174D310009DFB9 /* Build configuration list for PBXNativeTarget "Quotes" */ = {
			isa = XCConfigurationList;
			buildConfigurations = (
				E79DD5B322174D310009DFB9 /* Debug */,
				E79DD5B422174D310009DFB9 /* Release */,
			);
			defaultConfigurationIsVisible = 0;
			defaultConfigurationName = Release;
		};
		E79DD5B522174D310009DFB9 /* Build configuration list for PBXNativeTarget "QuotesTests" */ = {
			isa = XCConfigurationList;
			buildConfigurations = (
				E79DD5B622174D310009DFB9 /* Debug */,
				E79DD5B722174D310009DFB9 /* Release */,
			);
			defaultConfigurationIsVisible = 0;
			defaultConfigurationName = Release;
		};
		E79DD5B822174D310009DFB9 /* Build configuration list for PBXNativeTarget "QuotesUITests" */ = {
			isa = XCConfigurationList;
			buildConfigurations = (
				E79DD5B922174D310009DFB9 /* Debug */,
				E79DD5BA22174D310009DFB9 /* Release */,
			);
			defaultConfigurationIsVisible = 0;
			defaultConfigurationName = Release;
		};
/* End XCConfigurationList section */
	};
	rootObject = E79DD58222174D300009DFB9 /* Project object */;
}
